{
  "lockfileVersion": 1,
  "configVersion": 1,
  "workspaces": {
    "": {
      "devDependencies": {
        "@herb-tools/formatter": "^0.9.2",
        "@herb-tools/node-wasm": "^0.9.2",
        "@herb-tools/rewriter": "^0.9.2",
        "tailwindcss": "^4.2.2",
      },
    },
  },
  "packages": {
    "@herb-tools/config": ["@herb-tools/config@0.9.2", "", { "dependencies": { "@herb-tools/core": "0.9.2", "picomatch": "^4.0.2", "tinyglobby": "^0.2.15", "yaml": "^2.8.2" } }, "sha512-KCI9SBNBhLUTzVIjBh6fX4JmKz3Fv9M7eHlD8QS7mmnVS9fbH1//2CjbffrwSMplysG4p4W3sdSZ0dcFrnTJ7A=="],

    "@herb-tools/core": ["@herb-tools/core@0.9.2", "", {}, "sha512-Wcg59JIoM8VWWKXq8DQR0K0Oxg8IrwNPKCFBC11KWJketiN3pqApCgihhoB63Tk/pZNhmhJhfKnsiPLgvm99jQ=="],

    "@herb-tools/formatter": ["@herb-tools/formatter@0.9.2", "", { "dependencies": { "@herb-tools/config": "0.9.2", "@herb-tools/core": "0.9.2", "@herb-tools/printer": "0.9.2", "@herb-tools/rewriter": "0.9.2", "tinyglobby": "^0.2.15" }, "bin": { "herb-format": "bin/herb-format" } }, "sha512-cTCemt2oNU8h7OKY3V6dEBdKiFL35Zi3hfB7qjRa86jhILZ1RJkcmGLzlLYqEo2R7+yZVqYaGSUnGeuMw5EGUw=="],

    "@herb-tools/node-wasm": ["@herb-tools/node-wasm@0.9.2", "", { "dependencies": { "@herb-tools/core": "0.9.2" } }, "sha512-xI7N/r94yJwjh3LsNwdtp0OhiEDTFT4VvdqlDiHsEs8l2MVHKKZ/qszldvRQI5y5TyzMuHo5Tq85almTwmEbEw=="],

    "@herb-tools/printer": ["@herb-tools/printer@0.9.2", "", { "dependencies": { "@herb-tools/core": "0.9.2", "tinyglobby": "^0.2.15" }, "bin": { "herb-print": "bin/herb-print" } }, "sha512-fNW8JCLapkklTi1t1UXpMjpvK1V6Qzwi6P7+fno4966qMSJPK+sgG1y6Y1JbcOlBHZ3EU4bN9Og7R4AzYSm/Bg=="],

    "@herb-tools/rewriter": ["@herb-tools/rewriter@0.9.2", "", { "dependencies": { "@herb-tools/core": "0.9.2", "@herb-tools/tailwind-class-sorter": "0.9.2", "tinyglobby": "^0.2.15" } }, "sha512-ATXzRuLNwB4QKuA7/8k2DwqOVqIWfLttKupvonU+ASOt9W7MvqRm1tj9vZ5U+xXoLL3FGG1yGBd6QPLmjuZTUw=="],

    "@herb-tools/tailwind-class-sorter": ["@herb-tools/tailwind-class-sorter@0.9.2", "", { "dependencies": { "clear-module": "^4.1.2", "escalade": "^3.2.0", "jiti": "^2.5.1", "postcss": "^8.5.8", "postcss-import": "^16.1.1" }, "peerDependencies": { "tailwindcss": "^3.0 || ^4.0" } }, "sha512-QGRKDvq9fwnJG1fPk2569USOy7cPEu0qS/KTzFJlz3gAV4HhdLyevtmuIOZKPaf5Ca/M6rCYUXNrZHV9TEc14g=="],

    "callsites": ["callsites@3.1.0", "", {}, "sha512-P8BjAsXvZS+VIDUI11hHCQEv74YT67YUi5JJFNWIqL235sBmjX4+qx9Muvls5ivyNENctx46xQLQ3aTuE7ssaQ=="],

    "clear-module": ["clear-module@4.1.2", "", { "dependencies": { "parent-module": "^2.0.0", "resolve-from": "^5.0.0" } }, "sha512-LWAxzHqdHsAZlPlEyJ2Poz6AIs384mPeqLVCru2p0BrP9G/kVGuhNyZYClLO6cXlnuJjzC8xtsJIuMjKqLXoAw=="],

    "escalade": ["escalade@3.2.0", "", {}, "sha512-WUj2qlxaQtO4g6Pq5c29GTcWGDyd8itL8zTlipgECz3JesAiiOKotd8JU6otB3PACgG6xkJUyVhboMS+bje/jA=="],

    "fdir": ["fdir@6.5.0", "", { "peerDependencies": { "picomatch": "^3 || ^4" }, "optionalPeers": ["picomatch"] }, "sha512-tIbYtZbucOs0BRGqPJkshJUYdL+SDH7dVM8gjy+ERp3WAUjLEFJE+02kanyHtwjWOnwrKYBiwAmM0p4kLJAnXg=="],

    "function-bind": ["function-bind@1.1.2", "", {}, "sha512-7XHNxH7qX9xG5mIwxkhumTox/MIRNcOgDrxWsMt2pAr23WHp6MrRlN7FBSFpCpr+oVO0F744iUgR82nJMfG2SA=="],

    "hasown": ["hasown@2.0.2", "", { "dependencies": { "function-bind": "^1.1.2" } }, "sha512-0hJU9SCPvmMzIBdZFqNPXWa6dqh7WdH0cII9y+CyS8rG3nL48Bclra9HmKhVVUHyPWNH5Y7xDwAB7bfgSjkUMQ=="],

    "is-core-module": ["is-core-module@2.16.1", "", { "dependencies": { "hasown": "^2.0.2" } }, "sha512-UfoeMA6fIJ8wTYFEUjelnaGI67v6+N7qXJEvQuIGa99l4xsCruSYOVSQ0uPANn4dAzm8lkYPaKLrrijLq7x23w=="],

    "jiti": ["jiti@2.6.1", "", { "bin": { "jiti": "lib/jiti-cli.mjs" } }, "sha512-ekilCSN1jwRvIbgeg/57YFh8qQDNbwDb9xT/qu2DAHbFFZUicIl4ygVaAvzveMhMVr3LnpSKTNnwt8PoOfmKhQ=="],

    "nanoid": ["nanoid@3.3.11", "", { "bin": { "nanoid": "bin/nanoid.cjs" } }, "sha512-N8SpfPUnUp1bK+PMYW8qSWdl9U+wwNWI4QKxOYDy9JAro3WMX7p2OeVRF9v+347pnakNevPmiHhNmZ2HbFA76w=="],

    "parent-module": ["parent-module@2.0.0", "", { "dependencies": { "callsites": "^3.1.0" } }, "sha512-uo0Z9JJeWzv8BG+tRcapBKNJ0dro9cLyczGzulS6EfeyAdeC9sbojtW6XwvYxJkEne9En+J2XEl4zyglVeIwFg=="],

    "path-parse": ["path-parse@1.0.7", "", {}, "sha512-LDJzPVEEEPR+y48z93A0Ed0yXb8pAByGWo/k5YYdYgpY2/2EsOsksJrq7lOHxryrVOn1ejG6oAp8ahvOIQD8sw=="],

    "picocolors": ["picocolors@1.1.1", "", {}, "sha512-xceH2snhtb5M9liqDsmEw56le376mTZkEX/jEb/RxNFyegNul7eNslCXP9FDj/Lcu0X8KEyMceP2ntpaHrDEVA=="],

    "picomatch": ["picomatch@4.0.4", "", {}, "sha512-QP88BAKvMam/3NxH6vj2o21R6MjxZUAd6nlwAS/pnGvN9IVLocLHxGYIzFhg6fUQ+5th6P4dv4eW9jX3DSIj7A=="],

    "pify": ["pify@2.3.0", "", {}, "sha512-udgsAY+fTnvv7kI7aaxbqwWNb0AHiB0qBO89PZKPkoTmGOgdbrHDKD+0B2X4uTfJ/FT1R09r9gTsjUjNJotuog=="],

    "postcss": ["postcss@8.5.8", "", { "dependencies": { "nanoid": "^3.3.11", "picocolors": "^1.1.1", "source-map-js": "^1.2.1" } }, "sha512-OW/rX8O/jXnm82Ey1k44pObPtdblfiuWnrd8X7GJ7emImCOstunGbXUpp7HdBrFQX6rJzn3sPT397Wp5aCwCHg=="],

    "postcss-import": ["postcss-import@16.1.1", "", { "dependencies": { "postcss-value-parser": "^4.0.0", "read-cache": "^1.0.0", "resolve": "^1.1.7" }, "peerDependencies": { "postcss": "^8.0.0" } }, "sha512-2xVS1NCZAfjtVdvXiyegxzJ447GyqCeEI5V7ApgQVOWnros1p5lGNovJNapwPpMombyFBfqDwt7AD3n2l0KOfQ=="],

    "postcss-value-parser": ["postcss-value-parser@4.2.0", "", {}, "sha512-1NNCs6uurfkVbeXG4S8JFT9t19m45ICnif8zWLd5oPSZ50QnwMfK+H3jv408d4jw/7Bttv5axS5IiHoLaVNHeQ=="],

    "read-cache": ["read-cache@1.0.0", "", { "dependencies": { "pify": "^2.3.0" } }, "sha512-Owdv/Ft7IjOgm/i0xvNDZ1LrRANRfew4b2prF3OWMQLxLfu3bS8FVhCsrSCMK4lR56Y9ya+AThoTpDCTxCmpRA=="],

    "resolve": ["resolve@1.22.11", "", { "dependencies": { "is-core-module": "^2.16.1", "path-parse": "^1.0.7", "supports-preserve-symlinks-flag": "^1.0.0" }, "bin": { "resolve": "bin/resolve" } }, "sha512-RfqAvLnMl313r7c9oclB1HhUEAezcpLjz95wFH4LVuhk9JF/r22qmVP9AMmOU4vMX7Q8pN8jwNg/CSpdFnMjTQ=="],

    "resolve-from": ["resolve-from@5.0.0", "", {}, "sha512-qYg9KP24dD5qka9J47d0aVky0N+b4fTU89LN9iDnjB5waksiC49rvMB0PrUJQGoTmH50XPiqOvAjDfaijGxYZw=="],

    "source-map-js": ["source-map-js@1.2.1", "", {}, "sha512-UXWMKhLOwVKb728IUtQPXxfYU+usdybtUrK/8uGE8CQMvrhOpwvzDBwj0QhSL7MQc7vIsISBG8VQ8+IDQxpfQA=="],

    "supports-preserve-symlinks-flag": ["supports-preserve-symlinks-flag@1.0.0", "", {}, "sha512-ot0WnXS9fgdkgIcePe6RHNk1WA8+muPa6cSjeR3V8K27q9BB1rTE3R1p7Hv0z1ZyAc8s6Vvv8DIyWf681MAt0w=="],

    "tailwindcss": ["tailwindcss@4.2.2", "", {}, "sha512-KWBIxs1Xb6NoLdMVqhbhgwZf2PGBpPEiwOqgI4pFIYbNTfBXiKYyWoTsXgBQ9WFg/OlhnvHaY+AEpW7wSmFo2Q=="],

    "tinyglobby": ["tinyglobby@0.2.15", "", { "dependencies": { "fdir": "^6.5.0", "picomatch": "^4.0.3" } }, "sha512-j2Zq4NyQYG5XMST4cbs02Ak8iJUdxRM0XI5QyxXuZOzKOINmWurp3smXu3y5wDcJrptwpSjgXHzIQxR0omXljQ=="],

    "yaml": ["yaml@2.8.3", "", { "bin": { "yaml": "bin.mjs" } }, "sha512-AvbaCLOO2Otw/lW5bmh9d/WEdcDFdQp2Z2ZUH3pX9U2ihyUY0nvLv7J6TrWowklRGPYbB/IuIMfYgxaCPg5Bpg=="],
  }
}
